PODS:
  - AFNetworking (3.2.1):
    - AFNetworking/NSURLSession (= 3.2.1)
    - AFNetworking/Reachability (= 3.2.1)
    - AFNetworking/Security (= 3.2.1)
    - AFNetworking/Serialization (= 3.2.1)
    - AFNetworking/UIKit (= 3.2.1)
  - AFNetworking/NSURLSession (3.2.1):
    - AFNetworking/Reachability
    - AFNetworking/Security
    - AFNetworking/Serialization
  - AFNetworking/Reachability (3.2.1)
  - AFNetworking/Security (3.2.1)
  - AFNetworking/Serialization (3.2.1)
  - AFNetworking/UIKit (3.2.1):
    - AFNetworking/NSURLSession
  - PTFetchObjc (0.0.1):
    - AFNetworking

DEPENDENCIES:
  - PTFetchObjc (from `../`)

SPEC REPOS:
  https://github.com/cocoapods/specs.git:
    - AFNetworking

EXTERNAL SOURCES:
  PTFetchObjc:
    :git: "../"

CHECKOUT OPTIONS:
  PTFetchObjc:
    :commit: 907f4173e5054a44b9ac0f02703d3c9430e70e2a
    :git: "../"

SPEC CHECKSUMS:
  AFNetworking: b6f891fdfaed196b46c7a83cf209e09697b94057
  PTFetchObjc: da2f21546e45b6151f1a34572df496afa2c53a4c

PODFILE CHECKSUM: 89246f0b18b9dee8f7a4996efa59da97c1e54737

COCOAPODS: 1.5.3
